Microsoft Visual Studio Solution File, Format Version 12.00
# Visual Studio Version 17
VisualStudioVersion = 17.0.31314.256
MinimumVisualStudioVersion = 10.0.40219.1
Project("{FAE04EC0-301F-11D3-BF4B-00C04F79EFBC}") = "Game", "Source/Game.csproj", "{3BE61A45-A5CF-4BBE-B3DE-26199186FA84}"
EndProject
Project("{FAE04EC0-301F-11D3-BF4B-00C04F79EFBC}") = "BuildScripts", "Cache/Projects/BuildScripts.csproj", "{2DE7DBA4-03EF-4985-B9B5-2ABA7BB450FB}"
EndProject
Global
	GlobalSection(SolutionConfigurationPlatforms) = preSolution
		Editor.Debug|Linux_x64 = Editor.Debug|Linux_x64
		Editor.Development|Linux_x64 = Editor.Development|Linux_x64
		Editor.Release|Linux_x64 = Editor.Release|Linux_x64
		Game.Debug|Linux_x64 = Game.Debug|Linux_x64
		Game.Development|Linux_x64 = Game.Development|Linux_x64
		Game.Release|Linux_x64 = Game.Release|Linux_x64
	EndGlobalSection
	GlobalSection(ProjectConfigurationPlatforms) = postSolution
		{3BE61A45-A5CF-4BBE-B3DE-26199186FA84}.Editor.Debug|Linux_x64.ActiveCfg = Editor.Linux.Debug|x64
		{3BE61A45-A5CF-4BBE-B3DE-26199186FA84}.Editor.Debug|Linux_x64.Build.0 = Editor.Linux.Debug|x64
		{3BE61A45-A5CF-4BBE-B3DE-26199186FA84}.Editor.Development|Linux_x64.ActiveCfg = Editor.Linux.Development|x64
		{3BE61A45-A5CF-4BBE-B3DE-26199186FA84}.Editor.Development|Linux_x64.Build.0 = Editor.Linux.Development|x64
		{3BE61A45-A5CF-4BBE-B3DE-26199186FA84}.Editor.Release|Linux_x64.ActiveCfg = Editor.Linux.Release|x64
		{3BE61A45-A5CF-4BBE-B3DE-26199186FA84}.Editor.Release|Linux_x64.Build.0 = Editor.Linux.Release|x64
		{3BE61A45-A5CF-4BBE-B3DE-26199186FA84}.Game.Debug|Linux_x64.ActiveCfg = Game.Linux.Debug|x64
		{3BE61A45-A5CF-4BBE-B3DE-26199186FA84}.Game.Debug|Linux_x64.Build.0 = Game.Linux.Debug|x64
		{3BE61A45-A5CF-4BBE-B3DE-26199186FA84}.Game.Development|Linux_x64.ActiveCfg = Game.Linux.Development|x64
		{3BE61A45-A5CF-4BBE-B3DE-26199186FA84}.Game.Development|Linux_x64.Build.0 = Game.Linux.Development|x64
		{3BE61A45-A5CF-4BBE-B3DE-26199186FA84}.Game.Release|Linux_x64.ActiveCfg = Game.Linux.Release|x64
		{3BE61A45-A5CF-4BBE-B3DE-26199186FA84}.Game.Release|Linux_x64.Build.0 = Game.Linux.Release|x64
		{2DE7DBA4-03EF-4985-B9B5-2ABA7BB450FB}.Editor.Debug|Linux_x64.ActiveCfg = Debug|Any CPU
		{2DE7DBA4-03EF-4985-B9B5-2ABA7BB450FB}.Editor.Development|Linux_x64.ActiveCfg = Debug|Any CPU
		{2DE7DBA4-03EF-4985-B9B5-2ABA7BB450FB}.Editor.Release|Linux_x64.ActiveCfg = Debug|Any CPU
		{2DE7DBA4-03EF-4985-B9B5-2ABA7BB450FB}.Game.Debug|Linux_x64.ActiveCfg = Debug|Any CPU
		{2DE7DBA4-03EF-4985-B9B5-2ABA7BB450FB}.Game.Development|Linux_x64.ActiveCfg = Debug|Any CPU
		{2DE7DBA4-03EF-4985-B9B5-2ABA7BB450FB}.Game.Release|Linux_x64.ActiveCfg = Debug|Any CPU
	EndGlobalSection
	GlobalSection(SolutionProperties) = preSolution
		HideSolutionNode = FALSE
	EndGlobalSection
	GlobalSection(NestedProjects) = preSolution
	EndGlobalSection
	GlobalSection(ExtensibilityGlobals) = postSolution
		SolutionGuid = {CCEFE658-FF56-4427-B677-710865AC5368}
	EndGlobalSection
EndGlobal
